
Microsoft Visual Studio Solution File, Format Version 12.00
# Visual Studio 15
VisualStudioVersion = 15.0.27130.2010
MinimumVisualStudioVersion = 10.0.40219.1
Project("{9A19103F-16F7-4668-BE54-9A1E7A4F7556}") = "everymessage.Smpp.V1", "everymessage.Smpp.V1\everymessage.Smpp.V1.csproj", "{05B7264F-B14D-4405-B311-0869A7BD6C29}"
EndProject
Project("{FAE04EC0-301F-11D3-BF4B-00C04F79EFBC}") = "everymessage.Smpp.V1.Tests", "everymessage.Smpp.V1.Tests\everymessage.Smpp.V1.Tests.csproj", "{0B114D5A-6472-4224-B7FB-C0D8FB1BD021}"
EndProject
Project("{FAE04EC0-301F-11D3-BF4B-00C04F79EFBC}") = "everymessage.Smpp.V1.Examples", "everymessage.Smpp.V1.Examples\everymessage.Smpp.V1.Examples.csproj", "{0D63D9B4-9B50-43FB-A8FB-5A2B8781C45B}"
EndProject
Project("{9A19103F-16F7-4668-BE54-9A1E7A4F7556}") = "everymessage.WebAPI", "..\everymessage.WebAPI\everymessage.WebAPI\everymessage.WebAPI.csproj", "{8576ED5A-45D3-4277-B342-A0C1D4776EB6}"
EndProject
Project("{FAE04EC0-301F-11D3-BF4B-00C04F79EFBC}") = "everymessage.WebAPI.Tests", "..\everymessage.WebAPI\everymessage.WebAPI.Tests\everymessage.WebAPI.Tests.csproj", "{BEC8B815-211E-4454-9ACB-807A08CD12CB}"
EndProject
Global
	GlobalSection(SolutionConfigurationPlatforms) = preSolution
		Debug|Any CPU = Debug|Any CPU
		Release|Any CPU = Release|Any CPU
	EndGlobalSection
	GlobalSection(ProjectConfigurationPlatforms) = postSolution
		{05B7264F-B14D-4405-B311-0869A7BD6C29}.Debug|Any CPU.ActiveCfg = Debug|Any CPU
		{05B7264F-B14D-4405-B311-0869A7BD6C29}.Debug|Any CPU.Build.0 = Debug|Any CPU
		{05B7264F-B14D-4405-B311-0869A7BD6C29}.Release|Any CPU.ActiveCfg = Release|Any CPU
		{05B7264F-B14D-4405-B311-0869A7BD6C29}.Release|Any CPU.Build.0 = Release|Any CPU
		{0B114D5A-6472-4224-B7FB-C0D8FB1BD021}.Debug|Any CPU.ActiveCfg = Debug|Any CPU
		{0B114D5A-6472-4224-B7FB-C0D8FB1BD021}.Debug|Any CPU.Build.0 = Debug|Any CPU
		{0B114D5A-6472-4224-B7FB-C0D8FB1BD021}.Release|Any CPU.ActiveCfg = Release|Any CPU
		{0B114D5A-6472-4224-B7FB-C0D8FB1BD021}.Release|Any CPU.Build.0 = Release|Any CPU
		{0D63D9B4-9B50-43FB-A8FB-5A2B8781C45B}.Debug|Any CPU.ActiveCfg = Debug|Any CPU
		{0D63D9B4-9B50-43FB-A8FB-5A2B8781C45B}.Debug|Any CPU.Build.0 = Debug|Any CPU
		{0D63D9B4-9B50-43FB-A8FB-5A2B8781C45B}.Release|Any CPU.ActiveCfg = Release|Any CPU
		{0D63D9B4-9B50-43FB-A8FB-5A2B8781C45B}.Release|Any CPU.Build.0 = Release|Any CPU
		{8576ED5A-45D3-4277-B342-A0C1D4776EB6}.Debug|Any CPU.ActiveCfg = Debug|Any CPU
		{8576ED5A-45D3-4277-B342-A0C1D4776EB6}.Debug|Any CPU.Build.0 = Debug|Any CPU
		{8576ED5A-45D3-4277-B342-A0C1D4776EB6}.Release|Any CPU.ActiveCfg = Release|Any CPU
		{8576ED5A-45D3-4277-B342-A0C1D4776EB6}.Release|Any CPU.Build.0 = Release|Any CPU
		{BEC8B815-211E-4454-9ACB-807A08CD12CB}.Debug|Any CPU.ActiveCfg = Debug|Any CPU
		{BEC8B815-211E-4454-9ACB-807A08CD12CB}.Debug|Any CPU.Build.0 = Debug|Any CPU
		{BEC8B815-211E-4454-9ACB-807A08CD12CB}.Release|Any CPU.ActiveCfg = Release|Any CPU
		{BEC8B815-211E-4454-9ACB-807A08CD12CB}.Release|Any CPU.Build.0 = Release|Any CPU
	EndGlobalSection
	GlobalSection(SolutionProperties) = preSolution
		HideSolutionNode = FALSE
	EndGlobalSection
	GlobalSection(ExtensibilityGlobals) = postSolution
		SolutionGuid = {6B0234CA-5DC1-4546-A796-823AE275973F}
	EndGlobalSection
EndGlobal
